
Microsoft Visual Studio Solution File, Format Version 12.00
# Visual Studio Version 16
VisualStudioVersion = 16.0.32228.343
MinimumVisualStudioVersion = 10.0.40219.1
Project("{FAE04EC0-301F-11D3-BF4B-00C04F79EFBC}") = "ContosoCrafts.WebSite", "ContosoCrafts.WebSite\ContosoCrafts.WebSite.csproj", "{835AC882-D597-4E8F-9BE1-7D292DF49491}"
EndProject
Global
	GlobalSection(SolutionConfigurationPlatforms) = preSolution
		Debug|Any CPU = Debug|Any CPU
		Release|Any CPU = Release|Any CPU
	EndGlobalSection
	GlobalSection(ProjectConfigurationPlatforms) = postSolution
		{835AC882-D597-4E8F-9BE1-7D292DF49491}.Debug|Any CPU.ActiveCfg = Debug|Any CPU
		{835AC882-D597-4E8F-9BE1-7D292DF49491}.Debug|Any CPU.Build.0 = Debug|Any CPU
		{835AC882-D597-4E8F-9BE1-7D292DF49491}.Release|Any CPU.ActiveCfg = Release|Any CPU
		{835AC882-D597-4E8F-9BE1-7D292DF49491}.Release|Any CPU.Build.0 = Release|Any CPU
	EndGlobalSection
	GlobalSection(SolutionProperties) = preSolution
		HideSolutionNode = FALSE
	EndGlobalSection
	GlobalSection(ExtensibilityGlobals) = postSolution
		SolutionGuid = {DFBC1660-583A-466B-B755-306E8E624EB3}
	EndGlobalSection
EndGlobal
